
Microsoft Visual Studio Solution File, Format Version 12.00
# Visual Studio Version 17
VisualStudioVersion = 17.3.32929.385
MinimumVisualStudioVersion = 10.0.40219.1
Project("{9A19103F-16F7-4668-BE54-9A1E7A4F7556}") = "The_Third_Lesson", "The_Third_Lesson.csproj", "{82908048-1111-4859-94A9-152FDE776A36}"
EndProject
Project("{FAE04EC0-301F-11D3-BF4B-00C04F79EFBC}") = "Expressions_For_Calculator", "..\Expressions_For_Calculator\Expressions_For_Calculator.csproj", "{54DC1165-58BA-4B75-8C37-5D07E491692C}"
EndProject
Global
	GlobalSection(SolutionConfigurationPlatforms) = preSolution
		Debug|Any CPU = Debug|Any CPU
		Release|Any CPU = Release|Any CPU
	EndGlobalSection
	GlobalSection(ProjectConfigurationPlatforms) = postSolution
		{82908048-1111-4859-94A9-152FDE776A36}.Debug|Any CPU.ActiveCfg = Debug|Any CPU
		{82908048-1111-4859-94A9-152FDE776A36}.Debug|Any CPU.Build.0 = Debug|Any CPU
		{82908048-1111-4859-94A9-152FDE776A36}.Release|Any CPU.ActiveCfg = Release|Any CPU
		{82908048-1111-4859-94A9-152FDE776A36}.Release|Any CPU.Build.0 = Release|Any CPU
		{54DC1165-58BA-4B75-8C37-5D07E491692C}.Debug|Any CPU.ActiveCfg = Debug|Any CPU
		{54DC1165-58BA-4B75-8C37-5D07E491692C}.Debug|Any CPU.Build.0 = Debug|Any CPU
		{54DC1165-58BA-4B75-8C37-5D07E491692C}.Release|Any CPU.ActiveCfg = Release|Any CPU
		{54DC1165-58BA-4B75-8C37-5D07E491692C}.Release|Any CPU.Build.0 = Release|Any CPU
	EndGlobalSection
	GlobalSection(SolutionProperties) = preSolution
		HideSolutionNode = FALSE
	EndGlobalSection
	GlobalSection(ExtensibilityGlobals) = postSolution
		SolutionGuid = {F8151982-9FD0-4D05-9AD8-5AB5FB72DC9E}
	EndGlobalSection
EndGlobal
